Microsoft Visual Studio Solution File, Format Version 12.00
# Visual Studio Version 17
VisualStudioVersion = 17.5.2.0
MinimumVisualStudioVersion = 10.0.40219.1
Project("{FAE04EC0-301F-11D3-BF4B-00C04F79EFBC}") = "LdtScanAgent", "LdtScanAgent.csproj", "{FFF0D5C3-A357-2512-929E-21B636A8F56A}"
EndProject
Global
	GlobalSection(SolutionConfigurationPlatforms) = preSolution
		Debug|Any CPU = Debug|Any CPU
		Release|Any CPU = Release|Any CPU
	EndGlobalSection
	GlobalSection(ProjectConfigurationPlatforms) = postSolution
		{FFF0D5C3-A357-2512-929E-21B636A8F56A}.Debug|Any CPU.ActiveCfg = Debug|Any CPU
		{FFF0D5C3-A357-2512-929E-21B636A8F56A}.Debug|Any CPU.Build.0 = Debug|Any CPU
		{FFF0D5C3-A357-2512-929E-21B636A8F56A}.Release|Any CPU.ActiveCfg = Release|Any CPU
		{FFF0D5C3-A357-2512-929E-21B636A8F56A}.Release|Any CPU.Build.0 = Release|Any CPU
	EndGlobalSection
	GlobalSection(SolutionProperties) = preSolution
		HideSolutionNode = FALSE
	EndGlobalSection
	GlobalSection(ExtensibilityGlobals) = postSolution
		SolutionGuid = {DCE3553F-4627-46C6-95B5-81A4551C0B85}
	EndGlobalSection
EndGlobal
